
Microsoft Visual Studio Solution File, Format Version 12.00
# Visual Studio Version 16
VisualStudioVersion = 16.0.30804.86
MinimumVisualStudioVersion = 10.0.40219.1
Project("{9A19103F-16F7-4668-BE54-9A1E7A4F7556}") = "PokerHandSorterConsoleApp", "PokerHandSorterConsoleApp\PokerHandSorterConsoleApp.csproj", "{82FB2456-091E-43E2-8C3A-023A7C9F10AA}"
EndProject
Project("{9A19103F-16F7-4668-BE54-9A1E7A4F7556}") = "AppServices", "PokerHanderSorterService\AppServices.csproj", "{F69F2713-5791-42A6-B850-F40CE612738C}"
EndProject
Project("{9A19103F-16F7-4668-BE54-9A1E7A4F7556}") = "PokerHandSorterServiceTests", "PokerHandSorterServiceTests\PokerHandSorterServiceTests.csproj", "{199FF6FD-05A3-4046-BB78-4F72A84BFE9A}"
EndProject
Project("{9A19103F-16F7-4668-BE54-9A1E7A4F7556}") = "PokerHandDomainModels", "PokerHandDomain\PokerHandDomainModels.csproj", "{0C1F6175-BC7D-43A4-8295-50B7355F92AF}"
EndProject
Project("{9A19103F-16F7-4668-BE54-9A1E7A4F7556}") = "PokerHandLogicHandlers", "PokerHandLogicHandler\PokerHandLogicHandlers.csproj", "{ADE26051-852B-44EC-AAD3-9F7F689E0220}"
EndProject
Project("{2150E333-8FDC-42A3-9474-1A3956D46DE8}") = "Tests", "Tests", "{F1697E6C-9248-4530-8CD6-97963E74A3B4}"
EndProject
Project("{9A19103F-16F7-4668-BE54-9A1E7A4F7556}") = "PokerHandLogicHandlersTests", "PokerHandLogicHandlerTests\PokerHandLogicHandlersTests.csproj", "{17BB428B-CF9F-4180-B4F8-45523599E9EB}"
EndProject
Project("{FAE04EC0-301F-11D3-BF4B-00C04F79EFBC}") = "PokerHandDomainModels.Extensions", "PokerHandDomainModels.Extensions\PokerHandDomainModels.Extensions.csproj", "{9AA5813D-9FDC-4157-9FCB-224DBCD8E7C4}"
EndProject
Project("{2150E333-8FDC-42A3-9474-1A3956D46DE8}") = "Interfaces", "Interfaces", "{28B1A074-245B-4D37-B269-88BCA51C84DF}"
EndProject
Project("{2150E333-8FDC-42A3-9474-1A3956D46DE8}") = "Implementations", "Implementations", "{F19BAA81-46CD-4736-8AE3-2E62B93C723E}"
EndProject
Project("{FAE04EC0-301F-11D3-BF4B-00C04F79EFBC}") = "AppFramework", "AppFramework\AppFramework.csproj", "{9267CA39-E75E-4AA1-BB47-B236A0672BE4}"
EndProject
Global
	GlobalSection(SolutionConfigurationPlatforms) = preSolution
		Debug|Any CPU = Debug|Any CPU
		Release|Any CPU = Release|Any CPU
	EndGlobalSection
	GlobalSection(ProjectConfigurationPlatforms) = postSolution
		{82FB2456-091E-43E2-8C3A-023A7C9F10AA}.Debug|Any CPU.ActiveCfg = Debug|Any CPU
		{82FB2456-091E-43E2-8C3A-023A7C9F10AA}.Debug|Any CPU.Build.0 = Debug|Any CPU
		{82FB2456-091E-43E2-8C3A-023A7C9F10AA}.Release|Any CPU.ActiveCfg = Release|Any CPU
		{82FB2456-091E-43E2-8C3A-023A7C9F10AA}.Release|Any CPU.Build.0 = Release|Any CPU
		{F69F2713-5791-42A6-B850-F40CE612738C}.Debug|Any CPU.ActiveCfg = Debug|Any CPU
		{F69F2713-5791-42A6-B850-F40CE612738C}.Debug|Any CPU.Build.0 = Debug|Any CPU
		{F69F2713-5791-42A6-B850-F40CE612738C}.Release|Any CPU.ActiveCfg = Release|Any CPU
		{F69F2713-5791-42A6-B850-F40CE612738C}.Release|Any CPU.Build.0 = Release|Any CPU
		{199FF6FD-05A3-4046-BB78-4F72A84BFE9A}.Debug|Any CPU.ActiveCfg = Debug|Any CPU
		{199FF6FD-05A3-4046-BB78-4F72A84BFE9A}.Debug|Any CPU.Build.0 = Debug|Any CPU
		{199FF6FD-05A3-4046-BB78-4F72A84BFE9A}.Release|Any CPU.ActiveCfg = Release|Any CPU
		{199FF6FD-05A3-4046-BB78-4F72A84BFE9A}.Release|Any CPU.Build.0 = Release|Any CPU
		{0C1F6175-BC7D-43A4-8295-50B7355F92AF}.Debug|Any CPU.ActiveCfg = Debug|Any CPU
		{0C1F6175-BC7D-43A4-8295-50B7355F92AF}.Debug|Any CPU.Build.0 = Debug|Any CPU
		{0C1F6175-BC7D-43A4-8295-50B7355F92AF}.Release|Any CPU.ActiveCfg = Release|Any CPU
		{0C1F6175-BC7D-43A4-8295-50B7355F92AF}.Release|Any CPU.Build.0 = Release|Any CPU
		{ADE26051-852B-44EC-AAD3-9F7F689E0220}.Debug|Any CPU.ActiveCfg = Debug|Any CPU
		{ADE26051-852B-44EC-AAD3-9F7F689E0220}.Debug|Any CPU.Build.0 = Debug|Any CPU
		{ADE26051-852B-44EC-AAD3-9F7F689E0220}.Release|Any CPU.ActiveCfg = Release|Any CPU
		{ADE26051-852B-44EC-AAD3-9F7F689E0220}.Release|Any CPU.Build.0 = Release|Any CPU
		{17BB428B-CF9F-4180-B4F8-45523599E9EB}.Debug|Any CPU.ActiveCfg = Debug|Any CPU
		{17BB428B-CF9F-4180-B4F8-45523599E9EB}.Debug|Any CPU.Build.0 = Debug|Any CPU
		{17BB428B-CF9F-4180-B4F8-45523599E9EB}.Release|Any CPU.ActiveCfg = Release|Any CPU
		{17BB428B-CF9F-4180-B4F8-45523599E9EB}.Release|Any CPU.Build.0 = Release|Any CPU
		{9AA5813D-9FDC-4157-9FCB-224DBCD8E7C4}.Debug|Any CPU.ActiveCfg = Debug|Any CPU
		{9AA5813D-9FDC-4157-9FCB-224DBCD8E7C4}.Debug|Any CPU.Build.0 = Debug|Any CPU
		{9AA5813D-9FDC-4157-9FCB-224DBCD8E7C4}.Release|Any CPU.ActiveCfg = Release|Any CPU
		{9AA5813D-9FDC-4157-9FCB-224DBCD8E7C4}.Release|Any CPU.Build.0 = Release|Any CPU
		{9267CA39-E75E-4AA1-BB47-B236A0672BE4}.Debug|Any CPU.ActiveCfg = Debug|Any CPU
		{9267CA39-E75E-4AA1-BB47-B236A0672BE4}.Debug|Any CPU.Build.0 = Debug|Any CPU
		{9267CA39-E75E-4AA1-BB47-B236A0672BE4}.Release|Any CPU.ActiveCfg = Release|Any CPU
		{9267CA39-E75E-4AA1-BB47-B236A0672BE4}.Release|Any CPU.Build.0 = Release|Any CPU
	EndGlobalSection
	GlobalSection(SolutionProperties) = preSolution
		HideSolutionNode = FALSE
	EndGlobalSection
	GlobalSection(NestedProjects) = preSolution
		{F69F2713-5791-42A6-B850-F40CE612738C} = {F19BAA81-46CD-4736-8AE3-2E62B93C723E}
		{199FF6FD-05A3-4046-BB78-4F72A84BFE9A} = {F1697E6C-9248-4530-8CD6-97963E74A3B4}
		{17BB428B-CF9F-4180-B4F8-45523599E9EB} = {F1697E6C-9248-4530-8CD6-97963E74A3B4}
		{9267CA39-E75E-4AA1-BB47-B236A0672BE4} = {28B1A074-245B-4D37-B269-88BCA51C84DF}
	EndGlobalSection
	GlobalSection(ExtensibilityGlobals) = postSolution
		SolutionGuid = {1DDA806A-1A88-432B-84BD-03C8200EF17C}
	EndGlobalSection
EndGlobal
