
Microsoft Visual Studio Solution File, Format Version 12.00
# Visual Studio Version 16
VisualStudioVersion = 16.0.30804.86
MinimumVisualStudioVersion = 10.0.40219.1
Project("{9A19103F-16F7-4668-BE54-9A1E7A4F7556}") = "GameServices", "PokerHanderSorterService\GameServices.csproj", "{F69F2713-5791-42A6-B850-F40CE612738C}"
EndProject
Project("{9A19103F-16F7-4668-BE54-9A1E7A4F7556}") = "PokerHandDomainModels", "PokerHandDomain\PokerHandDomainModels.csproj", "{0C1F6175-BC7D-43A4-8295-50B7355F92AF}"
EndProject
Project("{9A19103F-16F7-4668-BE54-9A1E7A4F7556}") = "PokerHandLogicRuleHandlers", "PokerHandLogicHandler\PokerHandLogicRuleHandlers.csproj", "{ADE26051-852B-44EC-AAD3-9F7F689E0220}"
EndProject
Project("{2150E333-8FDC-42A3-9474-1A3956D46DE8}") = "Tests", "Tests", "{F1697E6C-9248-4530-8CD6-97963E74A3B4}"
EndProject
Project("{9A19103F-16F7-4668-BE54-9A1E7A4F7556}") = "PokerHandDomainModels.Extensions", "PokerHandDomainModels.Extensions\PokerHandDomainModels.Extensions.csproj", "{9AA5813D-9FDC-4157-9FCB-224DBCD8E7C4}"
EndProject
Project("{2150E333-8FDC-42A3-9474-1A3956D46DE8}") = "Interfaces", "Interfaces", "{28B1A074-245B-4D37-B269-88BCA51C84DF}"
EndProject
Project("{2150E333-8FDC-42A3-9474-1A3956D46DE8}") = "Implementations", "Implementations", "{F19BAA81-46CD-4736-8AE3-2E62B93C723E}"
EndProject
Project("{2150E333-8FDC-42A3-9474-1A3956D46DE8}") = "GameModels", "GameModels", "{D4555EBA-DE48-4BC2-A173-01F92CC09079}"
EndProject
Project("{2150E333-8FDC-42A3-9474-1A3956D46DE8}") = "PokerHand", "PokerHand", "{BA5E61AE-7917-4AF8-9F56-505EBD8A44EF}"
EndProject
Project("{2150E333-8FDC-42A3-9474-1A3956D46DE8}") = "PokerHand", "PokerHand", "{B14EF8D3-E4CF-4296-B462-1B21B64DF1C6}"
EndProject
Project("{2150E333-8FDC-42A3-9474-1A3956D46DE8}") = "GameRules", "GameRules", "{EABBA59C-09F4-48D1-9C37-8F20E0C93992}"
EndProject
Project("{2150E333-8FDC-42A3-9474-1A3956D46DE8}") = "PokerHand", "PokerHand", "{2240E6A7-3D12-45AD-9262-B2BA7AD8DEEE}"
EndProject
Project("{9A19103F-16F7-4668-BE54-9A1E7A4F7556}") = "GameFramework", "GameFramework\GameFramework.csproj", "{FCFBE5D4-8ADC-4498-AEB6-454FE4EE3B0E}"
EndProject
Project("{9A19103F-16F7-4668-BE54-9A1E7A4F7556}") = "PokerHandConsole", "PokerHandConsoleApp\PokerHandConsole.csproj", "{33AA77B7-6070-4D3C-9D28-0A865918AEA7}"
EndProject
Project("{9A19103F-16F7-4668-BE54-9A1E7A4F7556}") = "PokerHandLogicHandlersTests", "Tests\PokerHandLogicHandlerTests\PokerHandLogicHandlersTests.csproj", "{E42C5890-2CEF-40FE-9C23-DC34CB9E9E48}"
EndProject
Project("{9A19103F-16F7-4668-BE54-9A1E7A4F7556}") = "PokerHandSorterServiceTests", "Tests\PokerHandSorterServiceTests\PokerHandSorterServiceTests.csproj", "{3F6A6023-D23A-4081-8FF3-FF1E2211046C}"
EndProject
Global
	GlobalSection(SolutionConfigurationPlatforms) = preSolution
		Debug|Any CPU = Debug|Any CPU
		Release|Any CPU = Release|Any CPU
	EndGlobalSection
	GlobalSection(ProjectConfigurationPlatforms) = postSolution
		{F69F2713-5791-42A6-B850-F40CE612738C}.Debug|Any CPU.ActiveCfg = Debug|Any CPU
		{F69F2713-5791-42A6-B850-F40CE612738C}.Debug|Any CPU.Build.0 = Debug|Any CPU
		{F69F2713-5791-42A6-B850-F40CE612738C}.Release|Any CPU.ActiveCfg = Release|Any CPU
		{F69F2713-5791-42A6-B850-F40CE612738C}.Release|Any CPU.Build.0 = Release|Any CPU
		{0C1F6175-BC7D-43A4-8295-50B7355F92AF}.Debug|Any CPU.ActiveCfg = Debug|Any CPU
		{0C1F6175-BC7D-43A4-8295-50B7355F92AF}.Debug|Any CPU.Build.0 = Debug|Any CPU
		{0C1F6175-BC7D-43A4-8295-50B7355F92AF}.Release|Any CPU.ActiveCfg = Release|Any CPU
		{0C1F6175-BC7D-43A4-8295-50B7355F92AF}.Release|Any CPU.Build.0 = Release|Any CPU
		{ADE26051-852B-44EC-AAD3-9F7F689E0220}.Debug|Any CPU.ActiveCfg = Debug|Any CPU
		{ADE26051-852B-44EC-AAD3-9F7F689E0220}.Debug|Any CPU.Build.0 = Debug|Any CPU
		{ADE26051-852B-44EC-AAD3-9F7F689E0220}.Release|Any CPU.ActiveCfg = Release|Any CPU
		{ADE26051-852B-44EC-AAD3-9F7F689E0220}.Release|Any CPU.Build.0 = Release|Any CPU
		{9AA5813D-9FDC-4157-9FCB-224DBCD8E7C4}.Debug|Any CPU.ActiveCfg = Debug|Any CPU
		{9AA5813D-9FDC-4157-9FCB-224DBCD8E7C4}.Debug|Any CPU.Build.0 = Debug|Any CPU
		{9AA5813D-9FDC-4157-9FCB-224DBCD8E7C4}.Release|Any CPU.ActiveCfg = Release|Any CPU
		{9AA5813D-9FDC-4157-9FCB-224DBCD8E7C4}.Release|Any CPU.Build.0 = Release|Any CPU
		{FCFBE5D4-8ADC-4498-AEB6-454FE4EE3B0E}.Debug|Any CPU.ActiveCfg = Debug|Any CPU
		{FCFBE5D4-8ADC-4498-AEB6-454FE4EE3B0E}.Debug|Any CPU.Build.0 = Debug|Any CPU
		{FCFBE5D4-8ADC-4498-AEB6-454FE4EE3B0E}.Release|Any CPU.ActiveCfg = Release|Any CPU
		{FCFBE5D4-8ADC-4498-AEB6-454FE4EE3B0E}.Release|Any CPU.Build.0 = Release|Any CPU
		{33AA77B7-6070-4D3C-9D28-0A865918AEA7}.Debug|Any CPU.ActiveCfg = Debug|Any CPU
		{33AA77B7-6070-4D3C-9D28-0A865918AEA7}.Debug|Any CPU.Build.0 = Debug|Any CPU
		{33AA77B7-6070-4D3C-9D28-0A865918AEA7}.Release|Any CPU.ActiveCfg = Release|Any CPU
		{33AA77B7-6070-4D3C-9D28-0A865918AEA7}.Release|Any CPU.Build.0 = Release|Any CPU
		{E42C5890-2CEF-40FE-9C23-DC34CB9E9E48}.Debug|Any CPU.ActiveCfg = Debug|Any CPU
		{E42C5890-2CEF-40FE-9C23-DC34CB9E9E48}.Debug|Any CPU.Build.0 = Debug|Any CPU
		{E42C5890-2CEF-40FE-9C23-DC34CB9E9E48}.Release|Any CPU.ActiveCfg = Release|Any CPU
		{E42C5890-2CEF-40FE-9C23-DC34CB9E9E48}.Release|Any CPU.Build.0 = Release|Any CPU
		{3F6A6023-D23A-4081-8FF3-FF1E2211046C}.Debug|Any CPU.ActiveCfg = Debug|Any CPU
		{3F6A6023-D23A-4081-8FF3-FF1E2211046C}.Debug|Any CPU.Build.0 = Debug|Any CPU
		{3F6A6023-D23A-4081-8FF3-FF1E2211046C}.Release|Any CPU.ActiveCfg = Release|Any CPU
		{3F6A6023-D23A-4081-8FF3-FF1E2211046C}.Release|Any CPU.Build.0 = Release|Any CPU
	EndGlobalSection
	GlobalSection(SolutionProperties) = preSolution
		HideSolutionNode = FALSE
	EndGlobalSection
	GlobalSection(NestedProjects) = preSolution
		{F69F2713-5791-42A6-B850-F40CE612738C} = {F19BAA81-46CD-4736-8AE3-2E62B93C723E}
		{0C1F6175-BC7D-43A4-8295-50B7355F92AF} = {BA5E61AE-7917-4AF8-9F56-505EBD8A44EF}
		{ADE26051-852B-44EC-AAD3-9F7F689E0220} = {2240E6A7-3D12-45AD-9262-B2BA7AD8DEEE}
		{9AA5813D-9FDC-4157-9FCB-224DBCD8E7C4} = {BA5E61AE-7917-4AF8-9F56-505EBD8A44EF}
		{BA5E61AE-7917-4AF8-9F56-505EBD8A44EF} = {D4555EBA-DE48-4BC2-A173-01F92CC09079}
		{B14EF8D3-E4CF-4296-B462-1B21B64DF1C6} = {F1697E6C-9248-4530-8CD6-97963E74A3B4}
		{2240E6A7-3D12-45AD-9262-B2BA7AD8DEEE} = {EABBA59C-09F4-48D1-9C37-8F20E0C93992}
		{FCFBE5D4-8ADC-4498-AEB6-454FE4EE3B0E} = {28B1A074-245B-4D37-B269-88BCA51C84DF}
		{E42C5890-2CEF-40FE-9C23-DC34CB9E9E48} = {B14EF8D3-E4CF-4296-B462-1B21B64DF1C6}
		{3F6A6023-D23A-4081-8FF3-FF1E2211046C} = {B14EF8D3-E4CF-4296-B462-1B21B64DF1C6}
	EndGlobalSection
	GlobalSection(ExtensibilityGlobals) = postSolution
		SolutionGuid = {1DDA806A-1A88-432B-84BD-03C8200EF17C}
	EndGlobalSection
EndGlobal
